
Microsoft Visual Studio Solution File, Format Version 12.00
# Visual Studio Version 17
VisualStudioVersion = 17.12.35707.178 d17.12
MinimumVisualStudioVersion = 10.0.40219.1
Project("{FAE04EC0-301F-11D3-BF4B-00C04F79EFBC}") = "BlazorAppShopping", "BlazorAppShopping\BlazorAppShopping\BlazorAppShopping.csproj", "{6F422195-F14B-417C-8B17-F1A0A62B71C7}"
EndProject
Project("{FAE04EC0-301F-11D3-BF4B-00C04F79EFBC}") = "BlazorAppShopping.Client", "BlazorAppShopping\BlazorAppShopping.Client\BlazorAppShopping.Client.csproj", "{1528DD69-610C-4C1F-AB3C-13C0F81AFEDD}"
EndProject
Global
	GlobalSection(SolutionConfigurationPlatforms) = preSolution
		Debug|Any CPU = Debug|Any CPU
		Release|Any CPU = Release|Any CPU
	EndGlobalSection
	GlobalSection(ProjectConfigurationPlatforms) = postSolution
		{6F422195-F14B-417C-8B17-F1A0A62B71C7}.Debug|Any CPU.ActiveCfg = Debug|Any CPU
		{6F422195-F14B-417C-8B17-F1A0A62B71C7}.Debug|Any CPU.Build.0 = Debug|Any CPU
		{6F422195-F14B-417C-8B17-F1A0A62B71C7}.Release|Any CPU.ActiveCfg = Release|Any CPU
		{6F422195-F14B-417C-8B17-F1A0A62B71C7}.Release|Any CPU.Build.0 = Release|Any CPU
		{1528DD69-610C-4C1F-AB3C-13C0F81AFEDD}.Debug|Any CPU.ActiveCfg = Debug|Any CPU
		{1528DD69-610C-4C1F-AB3C-13C0F81AFEDD}.Debug|Any CPU.Build.0 = Debug|Any CPU
		{1528DD69-610C-4C1F-AB3C-13C0F81AFEDD}.Release|Any CPU.ActiveCfg = Release|Any CPU
		{1528DD69-610C-4C1F-AB3C-13C0F81AFEDD}.Release|Any CPU.Build.0 = Release|Any CPU
	EndGlobalSection
	GlobalSection(SolutionProperties) = preSolution
		HideSolutionNode = FALSE
	EndGlobalSection
EndGlobal
